// !$*UTF8*$!
{
	archiveVersion = 1;
	classes = {
	};
	objectVersion = 51;
	objects = {

/* Begin PBXBuildFile section */
		2B4B62F724FCD3DA00148BA2 /* AppDelegate.swift in Sources */ = {isa = PBXBuildFile; fileRef = 2B4B62F624FCD3DA00148BA2 /* AppDelegate.swift */; };
		2B4B62F924FCD3DA00148BA2 /* SceneDelegate.swift in Sources */ = {isa = PBXBuildFile; fileRef = 2B4B62F824FCD3DA00148BA2 /* SceneDelegate.swift */; };
		2B4B62FB24FCD3DA00148BA2 /* ConversationViewController.swift in Sources */ = {isa = PBXBuildFile; fileRef = 2B4B62FA24FCD3DA00148BA2 /* ConversationViewController.swift */; };
		2B4B62FE24FCD3DA00148BA2 /* Main.storyboard in Resources */ = {isa = PBXBuildFile; fileRef = 2B4B62FC24FCD3DA00148BA2 /* Main.storyboard */; };
		2B4B630024FCD3DE00148BA2 /* Assets.xcassets in Resources */ = {isa = PBXBuildFile; fileRef = 2B4B62FF24FCD3DE00148BA2 /* Assets.xcassets */; };
		2B4B630324FCD3DE00148BA2 /* LaunchScreen.storyboard in Resources */ = {isa = PBXBuildFile; fileRef = 2B4B630124FCD3DE00148BA2 /* LaunchScreen.storyboard */; };
		2B4B631124FCD8E100148BA2 /* LoginViewController.swift in Sources */ = {isa = PBXBuildFile; fileRef = 2B4B631024FCD8E100148BA2 /* LoginViewController.swift */; };
		2B4B631324FCD90100148BA2 /* RegisterViewController.swift in Sources */ = {isa = PBXBuildFile; fileRef = 2B4B631224FCD90100148BA2 /* RegisterViewController.swift */; };
		2B4B631524FCD93100148BA2 /* PhotoViewerViewController.swift in Sources */ = {isa = PBXBuildFile; fileRef = 2B4B631424FCD93100148BA2 /* PhotoViewerViewController.swift */; };
		2B4B631724FCD94C00148BA2 /* VideoPlayerViewController.swift in Sources */ = {isa = PBXBuildFile; fileRef = 2B4B631624FCD94C00148BA2 /* VideoPlayerViewController.swift */; };
		2B4B631A24FCD9A400148BA2 /* NewConversationViewController.swift in Sources */ = {isa = PBXBuildFile; fileRef = 2B4B631924FCD9A400148BA2 /* NewConversationViewController.swift */; };
		2B4B631C24FCD9C100148BA2 /* ProfileViewController.swift in Sources */ = {isa = PBXBuildFile; fileRef = 2B4B631B24FCD9C100148BA2 /* ProfileViewController.swift */; };
		2B4B631F24FF151F00148BA2 /* extensions.swift in Sources */ = {isa = PBXBuildFile; fileRef = 2B4B631E24FF151F00148BA2 /* extensions.swift */; };
		2B606C57250B0C9600ABC2E0 /* GoogleService-Info.plist in Resources */ = {isa = PBXBuildFile; fileRef = 2B606C56250B0C9600ABC2E0 /* GoogleService-Info.plist */; };
		2B606C59250EE3B000ABC2E0 /* DatabaseManager.swift in Sources */ = {isa = PBXBuildFile; fileRef = 2B606C58250EE3B000ABC2E0 /* DatabaseManager.swift */; };
		4D97EF48875406FE5497D2B1 /* Pods_Messenger.framework in Frameworks */ = {isa = PBXBuildFile; fileRef = 72150FB4FFC26B3A6ED5336C /* Pods_Messenger.framework */; };
/* End PBXBuildFile section */

/* Begin PBXFileReference section */
		2B4B62F324FCD3DA00148BA2 /* Messenger.app */ = {isa = PBXFileReference; explicitFileType = wrapper.application; includeInIndex = 0; path = Messenger.app; sourceTree = BUILT_PRODUCTS_DIR; };
		2B4B62F624FCD3DA00148BA2 /* AppDelegate.swift */ = {isa = PBXFileReference; lastKnownFileType = sourcecode.swift; path = AppDelegate.swift; sourceTree = "<group>"; };
		2B4B62F824FCD3DA00148BA2 /* SceneDelegate.swift */ = {isa = PBXFileReference; lastKnownFileType = sourcecode.swift; path = SceneDelegate.swift; sourceTree = "<group>"; };
		2B4B62FA24FCD3DA00148BA2 /* ConversationViewController.swift */ = {isa = PBXFileReference; lastKnownFileType = sourcecode.swift; path = ConversationViewController.swift; sourceTree = "<group>"; };
		2B4B62FD24FCD3DA00148BA2 /* Base */ = {isa = PBXFileReference; lastKnownFileType = file.storyboard; name = Base; path = Base.lproj/Main.storyboard; sourceTree = "<group>"; };
		2B4B62FF24FCD3DE00148BA2 /* Assets.xcassets */ = {isa = PBXFileReference; lastKnownFileType = folder.assetcatalog; path = Assets.xcassets; sourceTree = "<group>"; };
		2B4B630224FCD3DE00148BA2 /* Base */ = {isa = PBXFileReference; lastKnownFileType = file.storyboard; name = Base; path = Base.lproj/LaunchScreen.storyboard; sourceTree = "<group>"; };
		2B4B630424FCD3DE00148BA2 /* Info.plist */ = {isa = PBXFileReference; lastKnownFileType = text.plist.xml; path = Info.plist; sourceTree = "<group>"; };
		2B4B631024FCD8E100148BA2 /* LoginViewController.swift */ = {isa = PBXFileReference; lastKnownFileType = sourcecode.swift; path = LoginViewController.swift; sourceTree = "<group>"; };
		2B4B631224FCD90100148BA2 /* RegisterViewController.swift */ = {isa = PBXFileReference; lastKnownFileType = sourcecode.swift; path = RegisterViewController.swift; sourceTree = "<group>"; };
		2B4B631424FCD93100148BA2 /* PhotoViewerViewController.swift */ = {isa = PBXFileReference; lastKnownFileType = sourcecode.swift; path = PhotoViewerViewController.swift; sourceTree = "<group>"; };
		2B4B631624FCD94C00148BA2 /* VideoPlayerViewController.swift */ = {isa = PBXFileReference; lastKnownFileType = sourcecode.swift; path = VideoPlayerViewController.swift; sourceTree = "<group>"; };
		2B4B631924FCD9A400148BA2 /* NewConversationViewController.swift */ = {isa = PBXFileReference; lastKnownFileType = sourcecode.swift; path = NewConversationViewController.swift; sourceTree = "<group>"; };
		2B4B631B24FCD9C100148BA2 /* ProfileViewController.swift */ = {isa = PBXFileReference; lastKnownFileType = sourcecode.swift; path = ProfileViewController.swift; sourceTree = "<group>"; };
		2B4B631E24FF151F00148BA2 /* extensions.swift */ = {isa = PBXFileReference; lastKnownFileType = sourcecode.swift; path = extensions.swift; sourceTree = "<group>"; };
		2B606C56250B0C9600ABC2E0 /* GoogleService-Info.plist */ = {isa = PBXFileReference; fileEncoding = 4; lastKnownFileType = text.plist.xml; path = "GoogleService-Info.plist"; sourceTree = "<group>"; };
		2B606C58250EE3B000ABC2E0 /* DatabaseManager.swift */ = {isa = PBXFileReference; lastKnownFileType = sourcecode.swift; path = DatabaseManager.swift; sourceTree = "<group>"; };
		504F3CC66BA8E8AF6FB82106 /* Pods-Messenger.release.xcconfig */ = {isa = PBXFileReference; includeInIndex = 1; lastKnownFileType = text.xcconfig; name = "Pods-Messenger.release.xcconfig"; path = "Target Support Files/Pods-Messenger/Pods-Messenger.release.xcconfig"; sourceTree = "<group>"; };
		72150FB4FFC26B3A6ED5336C /* Pods_Messenger.framework */ = {isa = PBXFileReference; explicitFileType = wrapper.framework; includeInIndex = 0; path = Pods_Messenger.framework; sourceTree = BUILT_PRODUCTS_DIR; };
		C6E3272D5CB72175C506A3C5 /* Pods-Messenger.debug.xcconfig */ = {isa = PBXFileReference; includeInIndex = 1; lastKnownFileType = text.xcconfig; name = "Pods-Messenger.debug.xcconfig"; path = "Target Support Files/Pods-Messenger/Pods-Messenger.debug.xcconfig"; sourceTree = "<group>"; };
/* End PBXFileReference section */

/* Begin PBXFrameworksBuildPhase section */
		2B4B62F024FCD3DA00148BA2 /* Frameworks */ = {
			isa = PBXFrameworksBuildPhase;
			buildActionMask = 2147483647;
			files = (
				4D97EF48875406FE5497D2B1 /* Pods_Messenger.framework in Frameworks */,
			);
			runOnlyForDeploymentPostprocessing = 0;
		};
/* End PBXFrameworksBuildPhase section */

/* Begin PBXGroup section */
		2B4B62EA24FCD3DA00148BA2 = {
			isa = PBXGroup;
			children = (
				2B4B62F524FCD3DA00148BA2 /* Messenger */,
				2B4B62F424FCD3DA00148BA2 /* Products */,
				9B509B6D981F1331806A062E /* Pods */,
				805262C36F22269FB799BEF3 /* Frameworks */,
			);
			sourceTree = "<group>";
		};
		2B4B62F424FCD3DA00148BA2 /* Products */ = {
			isa = PBXGroup;
			children = (
				2B4B62F324FCD3DA00148BA2 /* Messenger.app */,
			);
			name = Products;
			sourceTree = "<group>";
		};
		2B4B62F524FCD3DA00148BA2 /* Messenger */ = {
			isa = PBXGroup;
			children = (
				2B606C56250B0C9600ABC2E0 /* GoogleService-Info.plist */,
				2B4B630E24FCD72900148BA2 /* Resources */,
				2B4B630D24FCD71500148BA2 /* ViewModels */,
				2B4B630C24FCD70800148BA2 /* Models */,
				2B4B630B24FCD6EB00148BA2 /* Views */,
				2B4B630A24FCD6D100148BA2 /* Controllers */,
				2B4B630424FCD3DE00148BA2 /* Info.plist */,
			);
			path = Messenger;
			sourceTree = "<group>";
		};
		2B4B630A24FCD6D100148BA2 /* Controllers */ = {
			isa = PBXGroup;
			children = (
				2B4B631D24FCDD9700148BA2 /* Login */,
				2B4B62FA24FCD3DA00148BA2 /* ConversationViewController.swift */,
				2B4B631424FCD93100148BA2 /* PhotoViewerViewController.swift */,
				2B4B631624FCD94C00148BA2 /* VideoPlayerViewController.swift */,
				2B4B631924FCD9A400148BA2 /* NewConversationViewController.swift */,
				2B4B631B24FCD9C100148BA2 /* ProfileViewController.swift */,
			);
			path = Controllers;
			sourceTree = "<group>";
		};
		2B4B630B24FCD6EB00148BA2 /* Views */ = {
			isa = PBXGroup;
			children = (
				2B4B630F24FCD79100148BA2 /* Storyboards */,
				2B4B62FF24FCD3DE00148BA2 /* Assets.xcassets */,
			);
			path = Views;
			sourceTree = "<group>";
		};
		2B4B630C24FCD70800148BA2 /* Models */ = {
			isa = PBXGroup;
			children = (
			);
			path = Models;
			sourceTree = "<group>";
		};
		2B4B630D24FCD71500148BA2 /* ViewModels */ = {
			isa = PBXGroup;
			children = (
			);
			path = ViewModels;
			sourceTree = "<group>";
		};
		2B4B630E24FCD72900148BA2 /* Resources */ = {
			isa = PBXGroup;
			children = (
				2B4B62F624FCD3DA00148BA2 /* AppDelegate.swift */,
				2B4B62F824FCD3DA00148BA2 /* SceneDelegate.swift */,
				2B4B631E24FF151F00148BA2 /* extensions.swift */,
				2B606C58250EE3B000ABC2E0 /* DatabaseManager.swift */,
			);
			path = Resources;
			sourceTree = "<group>";
		};
		2B4B630F24FCD79100148BA2 /* Storyboards */ = {
			isa = PBXGroup;
			children = (
				2B4B62FC24FCD3DA00148BA2 /* Main.storyboard */,
				2B4B630124FCD3DE00148BA2 /* LaunchScreen.storyboard */,
			);
			path = Storyboards;
			sourceTree = "<group>";
		};
		2B4B631D24FCDD9700148BA2 /* Login */ = {
			isa = PBXGroup;
			children = (
				2B4B631024FCD8E100148BA2 /* LoginViewController.swift */,
				2B4B631224FCD90100148BA2 /* RegisterViewController.swift */,
			);
			path = Login;
			sourceTree = "<group>";
		};
		805262C36F22269FB799BEF3 /* Frameworks */ = {
			isa = PBXGroup;
			children = (
				72150FB4FFC26B3A6ED5336C /* Pods_Messenger.framework */,
			);
			name = Frameworks;
			sourceTree = "<group>";
		};
		9B509B6D981F1331806A062E /* Pods */ = {
			isa = PBXGroup;
			children = (
				C6E3272D5CB72175C506A3C5 /* Pods-Messenger.debug.xcconfig */,
				504F3CC66BA8E8AF6FB82106 /* Pods-Messenger.release.xcconfig */,
			);
			path = Pods;
			sourceTree = "<group>";
		};
/* End PBXGroup section */

/* Begin PBXNativeTarget section */
		2B4B62F224FCD3DA00148BA2 /* Messenger */ = {
			isa = PBXNativeTarget;
			buildConfigurationList = 2B4B630724FCD3DE00148BA2 /* Build configuration list for PBXNativeTarget "Messenger" */;
			buildPhases = (
				9DABBCDA9FCFCF097338B28B /* [CP] Check Pods Manifest.lock */,
				2B4B62EF24FCD3DA00148BA2 /* Sources */,
				2B4B62F024FCD3DA00148BA2 /* Frameworks */,
				2B4B62F124FCD3DA00148BA2 /* Resources */,
				01B989068BCD8A104C6D4D87 /* [CP] Embed Pods Frameworks */,
			);
			buildRules = (
			);
			dependencies = (
			);
			name = Messenger;
			productName = Messenger;
			productReference = 2B4B62F324FCD3DA00148BA2 /* Messenger.app */;
			productType = "com.apple.product-type.application";
		};
/* End PBXNativeTarget section */

/* Begin PBXProject section */
		2B4B62EB24FCD3DA00148BA2 /* Project object */ = {
			isa = PBXProject;
			attributes = {
				LastSwiftUpdateCheck = 1160;
				LastUpgradeCheck = 1160;
				ORGANIZATIONNAME = "Hamid Hoseini";
				TargetAttributes = {
					2B4B62F224FCD3DA00148BA2 = {
						CreatedOnToolsVersion = 11.6;
					};
				};
			};
			buildConfigurationList = 2B4B62EE24FCD3DA00148BA2 /* Build configuration list for PBXProject "Messenger" */;
			compatibilityVersion = "Xcode 9.3";
			developmentRegion = en;
			hasScannedForEncodings = 0;
			knownRegions = (
				en,
				Base,
			);
			mainGroup = 2B4B62EA24FCD3DA00148BA2;
			productRefGroup = 2B4B62F424FCD3DA00148BA2 /* Products */;
			projectDirPath = "";
			projectRoot = "";
			targets = (
				2B4B62F224FCD3DA00148BA2 /* Messenger */,
			);
		};
/* End PBXProject section */

/* Begin PBXResourcesBuildPhase section */
		2B4B62F124FCD3DA00148BA2 /* Resources */ = {
			isa = PBXResourcesBuildPhase;
			buildActionMask = 2147483647;
			files = (
				2B4B630324FCD3DE00148BA2 /* LaunchScreen.storyboard in Resources */,
				2B606C57250B0C9600ABC2E0 /* GoogleService-Info.plist in Resources */,
				2B4B630024FCD3DE00148BA2 /* Assets.xcassets in Resources */,
				2B4B62FE24FCD3DA00148BA2 /* Main.storyboard in Resources */,
			);
			runOnlyForDeploymentPostprocessing = 0;
		};
/* End PBXResourcesBuildPhase section */

/* Begin PBXShellScriptBuildPhase section */
		01B989068BCD8A104C6D4D87 /* [CP] Embed Pods Frameworks */ = {
			isa = PBXShellScriptBuildPhase;
			buildActionMask = 2147483647;
			files = (
			);
			inputFileListPaths = (
				"${PODS_ROOT}/Target Support Files/Pods-Messenger/Pods-Messenger-frameworks-${CONFIGURATION}-input-files.xcfilelist",
			);
			name = "[CP] Embed Pods Frameworks";
			outputFileListPaths = (
				"${PODS_ROOT}/Target Support Files/Pods-Messenger/Pods-Messenger-frameworks-${CONFIGURATION}-output-files.xcfilelist",
			);
			runOnlyForDeploymentPostprocessing = 0;
			shellPath = /bin/sh;
			shellScript = "\"${PODS_ROOT}/Target Support Files/Pods-Messenger/Pods-Messenger-frameworks.sh\"\n";
			showEnvVarsInLog = 0;
		};
		9DABBCDA9FCFCF097338B28B /* [CP] Check Pods Manifest.lock */ = {
			isa = PBXShellScriptBuildPhase;
			buildActionMask = 2147483647;
			files = (
			);
			inputFileListPaths = (
			);
			inputPaths = (
				"${PODS_PODFILE_DIR_PATH}/Podfile.lock",
				"${PODS_ROOT}/Manifest.lock",
			);
			name = "[CP] Check Pods Manifest.lock";
			outputFileListPaths = (
			);
			outputPaths = (
				"$(DERIVED_FILE_DIR)/Pods-Messenger-checkManifestLockResult.txt",
			);
			runOnlyForDeploymentPostprocessing = 0;
			shellPath = /bin/sh;
			shellScript = "diff \"${PODS_PODFILE_DIR_PATH}/Podfile.lock\" \"${PODS_ROOT}/Manifest.lock\" > /dev/null\nif [ $? != 0 ] ; then\n    # print error to STDERR\n    echo \"error: The sandbox is not in sync with the Podfile.lock. Run 'pod install' or update your CocoaPods installation.\" >&2\n    exit 1\nfi\n# This output is used by Xcode 'outputs' to avoid re-running this script phase.\necho \"SUCCESS\" > \"${SCRIPT_OUTPUT_FILE_0}\"\n";
			showEnvVarsInLog = 0;
		};
/* End PBXShellScriptBuildPhase section */

/* Begin PBXSourcesBuildPhase section */
		2B4B62EF24FCD3DA00148BA2 /* Sources */ = {
			isa = PBXSourcesBuildPhase;
			buildActionMask = 2147483647;
			files = (
				2B4B631124FCD8E100148BA2 /* LoginViewController.swift in Sources */,
				2B606C59250EE3B000ABC2E0 /* DatabaseManager.swift in Sources */,
				2B4B631324FCD90100148BA2 /* RegisterViewController.swift in Sources */,
				2B4B631A24FCD9A400148BA2 /* NewConversationViewController.swift in Sources */,
				2B4B62FB24FCD3DA00148BA2 /* ConversationViewController.swift in Sources */,
				2B4B631724FCD94C00148BA2 /* VideoPlayerViewController.swift in Sources */,
				2B4B631F24FF151F00148BA2 /* extensions.swift in Sources */,
				2B4B62F724FCD3DA00148BA2 /* AppDelegate.swift in Sources */,
				2B4B631C24FCD9C100148BA2 /* ProfileViewController.swift in Sources */,
				2B4B62F924FCD3DA00148BA2 /* SceneDelegate.swift in Sources */,
				2B4B631524FCD93100148BA2 /* PhotoViewerViewController.swift in Sources */,
			);
			runOnlyForDeploymentPostprocessing = 0;
		};
/* End PBXSourcesBuildPhase section */

/* Begin PBXVariantGroup section */
		2B4B62FC24FCD3DA00148BA2 /* Main.storyboard */ = {
			isa = PBXVariantGroup;
			children = (
				2B4B62FD24FCD3DA00148BA2 /* Base */,
			);
			name = Main.storyboard;
			sourceTree = "<group>";
		};
		2B4B630124FCD3DE00148BA2 /* LaunchScreen.storyboard */ = {
			isa = PBXVariantGroup;
			children = (
				2B4B630224FCD3DE00148BA2 /* Base */,
			);
			name = LaunchScreen.storyboard;
			sourceTree = "<group>";
		};
/* End PBXVariantGroup section */

/* Begin XCBuildConfiguration section */
		2B4B630524FCD3DE00148BA2 /* Debug */ = {
			isa = XCBuildConfiguration;
			buildSettings = {
				ALWAYS_SEARCH_USER_PATHS = NO;
				CLANG_ANALYZER_NONNULL = YES;
				CLANG_ANALYZER_NUMBER_OBJECT_CONVERSION = YES_AGGRESSIVE;
				CLANG_CXX_LANGUAGE_STANDARD = "gnu++14";
				CLANG_CXX_LIBRARY = "libc++";
				CLANG_ENABLE_MODULES = YES;
				CLANG_ENABLE_OBJC_ARC = YES;
				CLANG_ENABLE_OBJC_WEAK = YES;
				CLANG_WARN_BLOCK_CAPTURE_AUTORELEASING = YES;
				CLANG_WARN_BOOL_CONVERSION = YES;
				CLANG_WARN_COMMA = YES;
				CLANG_WARN_CONSTANT_CONVERSION = YES;
				CLANG_WARN_DEPRECATED_OBJC_IMPLEMENTATIONS = YES;
				CLANG_WARN_DIRECT_OBJC_ISA_USAGE = YES_ERROR;
				CLANG_WARN_DOCUMENTATION_COMMENTS = YES;
				CLANG_WARN_EMPTY_BODY = YES;
				CLANG_WARN_ENUM_CONVERSION = YES;
				CLANG_WARN_INFINITE_RECURSION = YES;
				CLANG_WARN_INT_CONVERSION = YES;
				CLANG_WARN_NON_LITERAL_NULL_CONVERSION = YES;
				CLANG_WARN_OBJC_IMPLICIT_RETAIN_SELF = YES;
				CLANG_WARN_OBJC_LITERAL_CONVERSION = YES;
				CLANG_WARN_OBJC_ROOT_CLASS = YES_ERROR;
				CLANG_WARN_RANGE_LOOP_ANALYSIS = YES;
				CLANG_WARN_STRICT_PROTOTYPES = YES;
				CLANG_WARN_SUSPICIOUS_MOVE = YES;
				CLANG_WARN_UNGUARDED_AVAILABILITY = YES_AGGRESSIVE;
				CLANG_WARN_UNREACHABLE_CODE = YES;
				CLANG_WARN__DUPLICATE_METHOD_MATCH = YES;
				COPY_PHASE_STRIP = NO;
				DEBUG_INFORMATION_FORMAT = dwarf;
				ENABLE_STRICT_OBJC_MSGSEND = YES;
				ENABLE_TESTABILITY = YES;
				GCC_C_LANGUAGE_STANDARD = gnu11;
				GCC_DYNAMIC_NO_PIC = NO;
				GCC_NO_COMMON_BLOCKS = YES;
				GCC_OPTIMIZATION_LEVEL = 0;
				GCC_PREPROCESSOR_DEFINITIONS = (
					"DEBUG=1",
					"$(inherited)",
				);
				GCC_WARN_64_TO_32_BIT_CONVERSION = YES;
				GCC_WARN_ABOUT_RETURN_TYPE = YES_ERROR;
				GCC_WARN_UNDECLARED_SELECTOR = YES;
				GCC_WARN_UNINITIALIZED_AUTOS = YES_AGGRESSIVE;
				GCC_WARN_UNUSED_FUNCTION = YES;
				GCC_WARN_UNUSED_VARIABLE = YES;
				IPHONEOS_DEPLOYMENT_TARGET = 13.6;
				MTL_ENABLE_DEBUG_INFO = INCLUDE_SOURCE;
				MTL_FAST_MATH = YES;
				ONLY_ACTIVE_ARCH = YES;
				SDKROOT = iphoneos;
				SWIFT_ACTIVE_COMPILATION_CONDITIONS = DEBUG;
				SWIFT_OPTIMIZATION_LEVEL = "-Onone";
			};
			name = Debug;
		};
		2B4B630624FCD3DE00148BA2 /* Release */ = {
			isa = XCBuildConfiguration;
			buildSettings = {
				ALWAYS_SEARCH_USER_PATHS = NO;
				CLANG_ANALYZER_NONNULL = YES;
				CLANG_ANALYZER_NUMBER_OBJECT_CONVERSION = YES_AGGRESSIVE;
				CLANG_CXX_LANGUAGE_STANDARD = "gnu++14";
				CLANG_CXX_LIBRARY = "libc++";
				CLANG_ENABLE_MODULES = YES;
				CLANG_ENABLE_OBJC_ARC = YES;
				CLANG_ENABLE_OBJC_WEAK = YES;
				CLANG_WARN_BLOCK_CAPTURE_AUTORELEASING = YES;
				CLANG_WARN_BOOL_CONVERSION = YES;
				CLANG_WARN_COMMA = YES;
				CLANG_WARN_CONSTANT_CONVERSION = YES;
				CLANG_WARN_DEPRECATED_OBJC_IMPLEMENTATIONS = YES;
				CLANG_WARN_DIRECT_OBJC_ISA_USAGE = YES_ERROR;
				CLANG_WARN_DOCUMENTATION_COMMENTS = YES;
				CLANG_WARN_EMPTY_BODY = YES;
				CLANG_WARN_ENUM_CONVERSION = YES;
				CLANG_WARN_INFINITE_RECURSION = YES;
				CLANG_WARN_INT_CONVERSION = YES;
				CLANG_WARN_NON_LITERAL_NULL_CONVERSION = YES;
				CLANG_WARN_OBJC_IMPLICIT_RETAIN_SELF = YES;
				CLANG_WARN_OBJC_LITERAL_CONVERSION = YES;
				CLANG_WARN_OBJC_ROOT_CLASS = YES_ERROR;
				CLANG_WARN_RANGE_LOOP_ANALYSIS = YES;
				CLANG_WARN_STRICT_PROTOTYPES = YES;
				CLANG_WARN_SUSPICIOUS_MOVE = YES;
				CLANG_WARN_UNGUARDED_AVAILABILITY = YES_AGGRESSIVE;
				CLANG_WARN_UNREACHABLE_CODE = YES;
				CLANG_WARN__DUPLICATE_METHOD_MATCH = YES;
				COPY_PHASE_STRIP = NO;
				DEBUG_INFORMATION_FORMAT = "dwarf-with-dsym";
				ENABLE_NS_ASSERTIONS = NO;
				ENABLE_STRICT_OBJC_MSGSEND = YES;
				GCC_C_LANGUAGE_STANDARD = gnu11;
				GCC_NO_COMMON_BLOCKS = YES;
				GCC_WARN_64_TO_32_BIT_CONVERSION = YES;
				GCC_WARN_ABOUT_RETURN_TYPE = YES_ERROR;
				GCC_WARN_UNDECLARED_SELECTOR = YES;
				GCC_WARN_UNINITIALIZED_AUTOS = YES_AGGRESSIVE;
				GCC_WARN_UNUSED_FUNCTION = YES;
				GCC_WARN_UNUSED_VARIABLE = YES;
				IPHONEOS_DEPLOYMENT_TARGET = 13.6;
				MTL_ENABLE_DEBUG_INFO = NO;
				MTL_FAST_MATH = YES;
				SDKROOT = iphoneos;
				SWIFT_COMPILATION_MODE = wholemodule;
				SWIFT_OPTIMIZATION_LEVEL = "-O";
				VALIDATE_PRODUCT = YES;
			};
			name = Release;
		};
		2B4B630824FCD3DE00148BA2 /* Debug */ = {
			isa = XCBuildConfiguration;
			baseConfigurationReference = C6E3272D5CB72175C506A3C5 /* Pods-Messenger.debug.xcconfig */;
			buildSettings = {
				ASSETCATALOG_COMPILER_APPICON_NAME = AppIcon;
				CODE_SIGN_STYLE = Automatic;
				INFOPLIST_FILE = Messenger/Info.plist;
				LD_RUNPATH_SEARCH_PATHS = (
					"$(inherited)",
					"@executable_path/Frameworks",
				);
				PRODUCT_BUNDLE_IDENTIFIER = Ahooramazda.Messenger;
				PRODUCT_NAME = "$(TARGET_NAME)";
				SWIFT_VERSION = 5.0;
				TARGETED_DEVICE_FAMILY = "1,2";
			};
			name = Debug;
		};
		2B4B630924FCD3DE00148BA2 /* Release */ = {
			isa = XCBuildConfiguration;
			baseConfigurationReference = 504F3CC66BA8E8AF6FB82106 /* Pods-Messenger.release.xcconfig */;
			buildSettings = {
				ASSETCATALOG_COMPILER_APPICON_NAME = AppIcon;
				CODE_SIGN_STYLE = Automatic;
				INFOPLIST_FILE = Messenger/Info.plist;
				LD_RUNPATH_SEARCH_PATHS = (
					"$(inherited)",
					"@executable_path/Frameworks",
				);
				PRODUCT_BUNDLE_IDENTIFIER = Ahooramazda.Messenger;
				PRODUCT_NAME = "$(TARGET_NAME)";
				SWIFT_VERSION = 5.0;
				TARGETED_DEVICE_FAMILY = "1,2";
			};
			name = Release;
		};
/* End XCBuildConfiguration section */

/* Begin XCConfigurationList section */
		2B4B62EE24FCD3DA00148BA2 /* Build configuration list for PBXProject "Messenger" */ = {
			isa = XCConfigurationList;
			buildConfigurations = (
				2B4B630524FCD3DE00148BA2 /* Debug */,
				2B4B630624FCD3DE00148BA2 /* Release */,
			);
			defaultConfigurationIsVisible = 0;
			defaultConfigurationName = Release;
		};
		2B4B630724FCD3DE00148BA2 /* Build configuration list for PBXNativeTarget "Messenger" */ = {
			isa = XCConfigurationList;
			buildConfigurations = (
				2B4B630824FCD3DE00148BA2 /* Debug */,
				2B4B630924FCD3DE00148BA2 /* Release */,
			);
			defaultConfigurationIsVisible = 0;
			defaultConfigurationName = Release;
		};
/* End XCConfigurationList section */
	};
	rootObject = 2B4B62EB24FCD3DA00148BA2 /* Project object */;
}
